// !$*UTF8*$!
{
	archiveVersion = 1;
	classes = {
	};
	objectVersion = 55;
	objects = {

/* Begin PBXBuildFile section */
		7757CC4828A88C150075E106 /* CountryViewController.swift in Sources */ = {isa = PBXBuildFile; fileRef = 7757CC4728A88C150075E106 /* CountryViewController.swift */; };
		7757CC4A28A88C2D0075E106 /* UsaViewController.swift in Sources */ = {isa = PBXBuildFile; fileRef = 7757CC4928A88C2D0075E106 /* UsaViewController.swift */; };
		7757CC4C28A88C3A0075E106 /* BrasilViewController.swift in Sources */ = {isa = PBXBuildFile; fileRef = 7757CC4B28A88C3A0075E106 /* BrasilViewController.swift */; };
		7757CC4E28A88C460075E106 /* JapanViewController.swift in Sources */ = {isa = PBXBuildFile; fileRef = 7757CC4D28A88C460075E106 /* JapanViewController.swift */; };
		775B8468288B4855001D3285 /* WebServices.swift in Sources */ = {isa = PBXBuildFile; fileRef = 775B8467288B4855001D3285 /* WebServices.swift */; };
		775B846B288B500A001D3285 /* Article.swift in Sources */ = {isa = PBXBuildFile; fileRef = 775B846A288B500A001D3285 /* Article.swift */; };
		7783C0D5288B65BC007525FB /* ArticleViewModelFile.swift in Sources */ = {isa = PBXBuildFile; fileRef = 7783C0D4288B65BC007525FB /* ArticleViewModelFile.swift */; };
		7783C0D8288B70D0007525FB /* ArticleTableViewCell.swift in Sources */ = {isa = PBXBuildFile; fileRef = 7783C0D7288B70D0007525FB /* ArticleTableViewCell.swift */; };
		7783C0DB288B786F007525FB /* Alamofire in Frameworks */ = {isa = PBXBuildFile; productRef = 7783C0DA288B786F007525FB /* Alamofire */; };
		77D6FAA0288B2C1400EA8D6C /* AppDelegate.swift in Sources */ = {isa = PBXBuildFile; fileRef = 77D6FA9F288B2C1400EA8D6C /* AppDelegate.swift */; };
		77D6FAA2288B2C1400EA8D6C /* SceneDelegate.swift in Sources */ = {isa = PBXBuildFile; fileRef = 77D6FAA1288B2C1400EA8D6C /* SceneDelegate.swift */; };
		77D6FAA9288B2C1800EA8D6C /* Assets.xcassets in Resources */ = {isa = PBXBuildFile; fileRef = 77D6FAA8288B2C1800EA8D6C /* Assets.xcassets */; };
		77D6FAAC288B2C1800EA8D6C /* LaunchScreen.storyboard in Resources */ = {isa = PBXBuildFile; fileRef = 77D6FAAA288B2C1800EA8D6C /* LaunchScreen.storyboard */; };
		77D6FAB4288B2D1000EA8D6C /* Main.storyboard in Resources */ = {isa = PBXBuildFile; fileRef = 77D6FAB3288B2D1000EA8D6C /* Main.storyboard */; };
		77D6FAB7288B2D4E00EA8D6C /* NewListTableViewController.swift in Sources */ = {isa = PBXBuildFile; fileRef = 77D6FAB6288B2D4E00EA8D6C /* NewListTableViewController.swift */; };
/* End PBXBuildFile section */

/* Begin PBXFileReference section */
		7757CC4728A88C150075E106 /* CountryViewController.swift */ = {isa = PBXFileReference; lastKnownFileType = sourcecode.swift; path = CountryViewController.swift; sourceTree = "<group>"; };
		7757CC4928A88C2D0075E106 /* UsaViewController.swift */ = {isa = PBXFileReference; lastKnownFileType = sourcecode.swift; path = UsaViewController.swift; sourceTree = "<group>"; };
		7757CC4B28A88C3A0075E106 /* BrasilViewController.swift */ = {isa = PBXFileReference; lastKnownFileType = sourcecode.swift; path = BrasilViewController.swift; sourceTree = "<group>"; };
		7757CC4D28A88C460075E106 /* JapanViewController.swift */ = {isa = PBXFileReference; lastKnownFileType = sourcecode.swift; path = JapanViewController.swift; sourceTree = "<group>"; };
		775B8467288B4855001D3285 /* WebServices.swift */ = {isa = PBXFileReference; lastKnownFileType = sourcecode.swift; path = WebServices.swift; sourceTree = "<group>"; };
		775B846A288B500A001D3285 /* Article.swift */ = {isa = PBXFileReference; lastKnownFileType = sourcecode.swift; path = Article.swift; sourceTree = "<group>"; };
		7783C0D4288B65BC007525FB /* ArticleViewModelFile.swift */ = {isa = PBXFileReference; lastKnownFileType = sourcecode.swift; path = ArticleViewModelFile.swift; sourceTree = "<group>"; };
		7783C0D7288B70D0007525FB /* ArticleTableViewCell.swift */ = {isa = PBXFileReference; lastKnownFileType = sourcecode.swift; path = ArticleTableViewCell.swift; sourceTree = "<group>"; };
		77D6FA9C288B2C1400EA8D6C /* mvvmNews.app */ = {isa = PBXFileReference; explicitFileType = wrapper.application; includeInIndex = 0; path = mvvmNews.app; sourceTree = BUILT_PRODUCTS_DIR; };
		77D6FA9F288B2C1400EA8D6C /* AppDelegate.swift */ = {isa = PBXFileReference; lastKnownFileType = sourcecode.swift; path = AppDelegate.swift; sourceTree = "<group>"; };
		77D6FAA1288B2C1400EA8D6C /* SceneDelegate.swift */ = {isa = PBXFileReference; lastKnownFileType = sourcecode.swift; path = SceneDelegate.swift; sourceTree = "<group>"; };
		77D6FAA8288B2C1800EA8D6C /* Assets.xcassets */ = {isa = PBXFileReference; lastKnownFileType = folder.assetcatalog; path = Assets.xcassets; sourceTree = "<group>"; };
		77D6FAAB288B2C1800EA8D6C /* Base */ = {isa = PBXFileReference; lastKnownFileType = file.storyboard; name = Base; path = Base.lproj/LaunchScreen.storyboard; sourceTree = "<group>"; };
		77D6FAAD288B2C1800EA8D6C /* Info.plist */ = {isa = PBXFileReference; lastKnownFileType = text.plist.xml; path = Info.plist; sourceTree = "<group>"; };
		77D6FAB3288B2D1000EA8D6C /* Main.storyboard */ = {isa = PBXFileReference; lastKnownFileType = file.storyboard; path = Main.storyboard; sourceTree = "<group>"; };
		77D6FAB6288B2D4E00EA8D6C /* NewListTableViewController.swift */ = {isa = PBXFileReference; lastKnownFileType = sourcecode.swift; path = NewListTableViewController.swift; sourceTree = "<group>"; };
/* End PBXFileReference section */

/* Begin PBXFrameworksBuildPhase section */
		77D6FA99288B2C1400EA8D6C /* Frameworks */ = {
			isa = PBXFrameworksBuildPhase;
			buildActionMask = 2147483647;
			files = (
				7783C0DB288B786F007525FB /* Alamofire in Frameworks */,
			);
			runOnlyForDeploymentPostprocessing = 0;
		};
/* End PBXFrameworksBuildPhase section */

/* Begin PBXGroup section */
		775B8469288B4FF3001D3285 /* Model */ = {
			isa = PBXGroup;
			children = (
				775B846A288B500A001D3285 /* Article.swift */,
			);
			path = Model;
			sourceTree = "<group>";
		};
		775B846C288B507E001D3285 /* WebService */ = {
			isa = PBXGroup;
			children = (
				775B8467288B4855001D3285 /* WebServices.swift */,
			);
			path = WebService;
			sourceTree = "<group>";
		};
		775B846D288B6568001D3285 /* ViewModels */ = {
			isa = PBXGroup;
			children = (
				7783C0D4288B65BC007525FB /* ArticleViewModelFile.swift */,
			);
			path = ViewModels;
			sourceTree = "<group>";
		};
		7783C0D6288B7083007525FB /* Cells */ = {
			isa = PBXGroup;
			children = (
				7783C0D7288B70D0007525FB /* ArticleTableViewCell.swift */,
			);
			path = Cells;
			sourceTree = "<group>";
		};
		77D6FA93288B2C1400EA8D6C = {
			isa = PBXGroup;
			children = (
				77D6FA9E288B2C1400EA8D6C /* mvvmNews */,
				77D6FA9D288B2C1400EA8D6C /* Products */,
			);
			sourceTree = "<group>";
		};
		77D6FA9D288B2C1400EA8D6C /* Products */ = {
			isa = PBXGroup;
			children = (
				77D6FA9C288B2C1400EA8D6C /* mvvmNews.app */,
			);
			name = Products;
			sourceTree = "<group>";
		};
		77D6FA9E288B2C1400EA8D6C /* mvvmNews */ = {
			isa = PBXGroup;
			children = (
				775B846C288B507E001D3285 /* WebService */,
				775B8469288B4FF3001D3285 /* Model */,
				775B846D288B6568001D3285 /* ViewModels */,
				77D6FAB5288B2D2E00EA8D6C /* Controller */,
				7783C0D6288B7083007525FB /* Cells */,
				77D6FA9F288B2C1400EA8D6C /* AppDelegate.swift */,
				77D6FAA1288B2C1400EA8D6C /* SceneDelegate.swift */,
				77D6FAB3288B2D1000EA8D6C /* Main.storyboard */,
				77D6FAA8288B2C1800EA8D6C /* Assets.xcassets */,
				77D6FAAA288B2C1800EA8D6C /* LaunchScreen.storyboard */,
				77D6FAAD288B2C1800EA8D6C /* Info.plist */,
			);
			path = mvvmNews;
			sourceTree = "<group>";
		};
		77D6FAB5288B2D2E00EA8D6C /* Controller */ = {
			isa = PBXGroup;
			children = (
				77D6FAB6288B2D4E00EA8D6C /* NewListTableViewController.swift */,
				7757CC4728A88C150075E106 /* CountryViewController.swift */,
				7757CC4928A88C2D0075E106 /* UsaViewController.swift */,
				7757CC4B28A88C3A0075E106 /* BrasilViewController.swift */,
				7757CC4D28A88C460075E106 /* JapanViewController.swift */,
			);
			path = Controller;
			sourceTree = "<group>";
		};
/* End PBXGroup section */

/* Begin PBXNativeTarget section */
		77D6FA9B288B2C1400EA8D6C /* mvvmNews */ = {
			isa = PBXNativeTarget;
			buildConfigurationList = 77D6FAB0288B2C1800EA8D6C /* Build configuration list for PBXNativeTarget "mvvmNews" */;
			buildPhases = (
				77D6FA98288B2C1400EA8D6C /* Sources */,
				77D6FA99288B2C1400EA8D6C /* Frameworks */,
				77D6FA9A288B2C1400EA8D6C /* Resources */,
			);
			buildRules = (
			);
			dependencies = (
			);
			name = mvvmNews;
			packageProductDependencies = (
				7783C0DA288B786F007525FB /* Alamofire */,
			);
			productName = mvvmNews;
			productReference = 77D6FA9C288B2C1400EA8D6C /* mvvmNews.app */;
			productType = "com.apple.product-type.application";
		};
/* End PBXNativeTarget section */

/* Begin PBXProject section */
		77D6FA94288B2C1400EA8D6C /* Project object */ = {
			isa = PBXProject;
			attributes = {
				BuildIndependentTargetsInParallel = 1;
				LastSwiftUpdateCheck = 1330;
				LastUpgradeCheck = 1330;
				TargetAttributes = {
					77D6FA9B288B2C1400EA8D6C = {
						CreatedOnToolsVersion = 13.3.1;
					};
				};
			};
			buildConfigurationList = 77D6FA97288B2C1400EA8D6C /* Build configuration list for PBXProject "mvvmNews" */;
			compatibilityVersion = "Xcode 13.0";
			developmentRegion = en;
			hasScannedForEncodings = 0;
			knownRegions = (
				en,
				Base,
			);
			mainGroup = 77D6FA93288B2C1400EA8D6C;
			packageReferences = (
				7783C0D9288B786F007525FB /* XCRemoteSwiftPackageReference "Alamofire" */,
			);
			productRefGroup = 77D6FA9D288B2C1400EA8D6C /* Products */;
			projectDirPath = "";
			projectRoot = "";
			targets = (
				77D6FA9B288B2C1400EA8D6C /* mvvmNews */,
			);
		};
/* End PBXProject section */

/* Begin PBXResourcesBuildPhase section */
		77D6FA9A288B2C1400EA8D6C /* Resources */ = {
			isa = PBXResourcesBuildPhase;
			buildActionMask = 2147483647;
			files = (
				77D6FAB4288B2D1000EA8D6C /* Main.storyboard in Resources */,
				77D6FAAC288B2C1800EA8D6C /* LaunchScreen.storyboard in Resources */,
				77D6FAA9288B2C1800EA8D6C /* Assets.xcassets in Resources */,
			);
			runOnlyForDeploymentPostprocessing = 0;
		};
/* End PBXResourcesBuildPhase section */

/* Begin PBXSourcesBuildPhase section */
		77D6FA98288B2C1400EA8D6C /* Sources */ = {
			isa = PBXSourcesBuildPhase;
			buildActionMask = 2147483647;
			files = (
				77D6FAA0288B2C1400EA8D6C /* AppDelegate.swift in Sources */,
				7757CC4E28A88C460075E106 /* JapanViewController.swift in Sources */,
				7757CC4828A88C150075E106 /* CountryViewController.swift in Sources */,
				7757CC4A28A88C2D0075E106 /* UsaViewController.swift in Sources */,
				7783C0D5288B65BC007525FB /* ArticleViewModelFile.swift in Sources */,
				775B846B288B500A001D3285 /* Article.swift in Sources */,
				77D6FAA2288B2C1400EA8D6C /* SceneDelegate.swift in Sources */,
				775B8468288B4855001D3285 /* WebServices.swift in Sources */,
				7783C0D8288B70D0007525FB /* ArticleTableViewCell.swift in Sources */,
				77D6FAB7288B2D4E00EA8D6C /* NewListTableViewController.swift in Sources */,
				7757CC4C28A88C3A0075E106 /* BrasilViewController.swift in Sources */,
			);
			runOnlyForDeploymentPostprocessing = 0;
		};
/* End PBXSourcesBuildPhase section */

/* Begin PBXVariantGroup section */
		77D6FAAA288B2C1800EA8D6C /* LaunchScreen.storyboard */ = {
			isa = PBXVariantGroup;
			children = (
				77D6FAAB288B2C1800EA8D6C /* Base */,
			);
			name = LaunchScreen.storyboard;
			sourceTree = "<group>";
		};
/* End PBXVariantGroup section */

/* Begin XCBuildConfiguration section */
		77D6FAAE288B2C1800EA8D6C /* Debug */ = {
			isa = XCBuildConfiguration;
			buildSettings = {
				ALWAYS_SEARCH_USER_PATHS = NO;
				CLANG_ANALYZER_NONNULL = YES;
				CLANG_ANALYZER_NUMBER_OBJECT_CONVERSION = YES_AGGRESSIVE;
				CLANG_CXX_LANGUAGE_STANDARD = "gnu++17";
				CLANG_ENABLE_MODULES = YES;
				CLANG_ENABLE_OBJC_ARC = YES;
				CLANG_ENABLE_OBJC_WEAK = YES;
				CLANG_WARN_BLOCK_CAPTURE_AUTORELEASING = YES;
				CLANG_WARN_BOOL_CONVERSION = YES;
				CLANG_WARN_COMMA = YES;
				CLANG_WARN_CONSTANT_CONVERSION = YES;
				CLANG_WARN_DEPRECATED_OBJC_IMPLEMENTATIONS = YES;
				CLANG_WARN_DIRECT_OBJC_ISA_USAGE = YES_ERROR;
				CLANG_WARN_DOCUMENTATION_COMMENTS = YES;
				CLANG_WARN_EMPTY_BODY = YES;
				CLANG_WARN_ENUM_CONVERSION = YES;
				CLANG_WARN_INFINITE_RECURSION = YES;
				CLANG_WARN_INT_CONVERSION = YES;
				CLANG_WARN_NON_LITERAL_NULL_CONVERSION = YES;
				CLANG_WARN_OBJC_IMPLICIT_RETAIN_SELF = YES;
				CLANG_WARN_OBJC_LITERAL_CONVERSION = YES;
				CLANG_WARN_OBJC_ROOT_CLASS = YES_ERROR;
				CLANG_WARN_QUOTED_INCLUDE_IN_FRAMEWORK_HEADER = YES;
				CLANG_WARN_RANGE_LOOP_ANALYSIS = YES;
				CLANG_WARN_STRICT_PROTOTYPES = YES;
				CLANG_WARN_SUSPICIOUS_MOVE = YES;
				CLANG_WARN_UNGUARDED_AVAILABILITY = YES_AGGRESSIVE;
				CLANG_WARN_UNREACHABLE_CODE = YES;
				CLANG_WARN__DUPLICATE_METHOD_MATCH = YES;
				COPY_PHASE_STRIP = NO;
				DEBUG_INFORMATION_FORMAT = dwarf;
				ENABLE_STRICT_OBJC_MSGSEND = YES;
				ENABLE_TESTABILITY = YES;
				GCC_C_LANGUAGE_STANDARD = gnu11;
				GCC_DYNAMIC_NO_PIC = NO;
				GCC_NO_COMMON_BLOCKS = YES;
				GCC_OPTIMIZATION_LEVEL = 0;
				GCC_PREPROCESSOR_DEFINITIONS = (
					"DEBUG=1",
					"$(inherited)",
				);
				GCC_WARN_64_TO_32_BIT_CONVERSION = YES;
				GCC_WARN_ABOUT_RETURN_TYPE = YES_ERROR;
				GCC_WARN_UNDECLARED_SELECTOR = YES;
				GCC_WARN_UNINITIALIZED_AUTOS = YES_AGGRESSIVE;
				GCC_WARN_UNUSED_FUNCTION = YES;
				GCC_WARN_UNUSED_VARIABLE = YES;
				IPHONEOS_DEPLOYMENT_TARGET = 15.4;
				MTL_ENABLE_DEBUG_INFO = INCLUDE_SOURCE;
				MTL_FAST_MATH = YES;
				ONLY_ACTIVE_ARCH = YES;
				SDKROOT = iphoneos;
				SWIFT_ACTIVE_COMPILATION_CONDITIONS = DEBUG;
				SWIFT_OPTIMIZATION_LEVEL = "-Onone";
			};
			name = Debug;
		};
		77D6FAAF288B2C1800EA8D6C /* Release */ = {
			isa = XCBuildConfiguration;
			buildSettings = {
				ALWAYS_SEARCH_USER_PATHS = NO;
				CLANG_ANALYZER_NONNULL = YES;
				CLANG_ANALYZER_NUMBER_OBJECT_CONVERSION = YES_AGGRESSIVE;
				CLANG_CXX_LANGUAGE_STANDARD = "gnu++17";
				CLANG_ENABLE_MODULES = YES;
				CLANG_ENABLE_OBJC_ARC = YES;
				CLANG_ENABLE_OBJC_WEAK = YES;
				CLANG_WARN_BLOCK_CAPTURE_AUTORELEASING = YES;
				CLANG_WARN_BOOL_CONVERSION = YES;
				CLANG_WARN_COMMA = YES;
				CLANG_WARN_CONSTANT_CONVERSION = YES;
				CLANG_WARN_DEPRECATED_OBJC_IMPLEMENTATIONS = YES;
				CLANG_WARN_DIRECT_OBJC_ISA_USAGE = YES_ERROR;
				CLANG_WARN_DOCUMENTATION_COMMENTS = YES;
				CLANG_WARN_EMPTY_BODY = YES;
				CLANG_WARN_ENUM_CONVERSION = YES;
				CLANG_WARN_INFINITE_RECURSION = YES;
				CLANG_WARN_INT_CONVERSION = YES;
				CLANG_WARN_NON_LITERAL_NULL_CONVERSION = YES;
				CLANG_WARN_OBJC_IMPLICIT_RETAIN_SELF = YES;
				CLANG_WARN_OBJC_LITERAL_CONVERSION = YES;
				CLANG_WARN_OBJC_ROOT_CLASS = YES_ERROR;
				CLANG_WARN_QUOTED_INCLUDE_IN_FRAMEWORK_HEADER = YES;
				CLANG_WARN_RANGE_LOOP_ANALYSIS = YES;
				CLANG_WARN_STRICT_PROTOTYPES = YES;
				CLANG_WARN_SUSPICIOUS_MOVE = YES;
				CLANG_WARN_UNGUARDED_AVAILABILITY = YES_AGGRESSIVE;
				CLANG_WARN_UNREACHABLE_CODE = YES;
				CLANG_WARN__DUPLICATE_METHOD_MATCH = YES;
				COPY_PHASE_STRIP = NO;
				DEBUG_INFORMATION_FORMAT = "dwarf-with-dsym";
				ENABLE_NS_ASSERTIONS = NO;
				ENABLE_STRICT_OBJC_MSGSEND = YES;
				GCC_C_LANGUAGE_STANDARD = gnu11;
				GCC_NO_COMMON_BLOCKS = YES;
				GCC_WARN_64_TO_32_BIT_CONVERSION = YES;
				GCC_WARN_ABOUT_RETURN_TYPE = YES_ERROR;
				GCC_WARN_UNDECLARED_SELECTOR = YES;
				GCC_WARN_UNINITIALIZED_AUTOS = YES_AGGRESSIVE;
				GCC_WARN_UNUSED_FUNCTION = YES;
				GCC_WARN_UNUSED_VARIABLE = YES;
				IPHONEOS_DEPLOYMENT_TARGET = 15.4;
				MTL_ENABLE_DEBUG_INFO = NO;
				MTL_FAST_MATH = YES;
				SDKROOT = iphoneos;
				SWIFT_COMPILATION_MODE = wholemodule;
				SWIFT_OPTIMIZATION_LEVEL = "-O";
				VALIDATE_PRODUCT = YES;
			};
			name = Release;
		};
		77D6FAB1288B2C1800EA8D6C /* Debug */ = {
			isa = XCBuildConfiguration;
			buildSettings = {
				ASSETCATALOG_COMPILER_APPICON_NAME = AppIcon;
				ASSETCATALOG_COMPILER_GLOBAL_ACCENT_COLOR_NAME = AccentColor;
				CODE_SIGN_STYLE = Automatic;
				CURRENT_PROJECT_VERSION = 1;
				DEVELOPMENT_TEAM = PB7Q9HXT8D;
				GENERATE_INFOPLIST_FILE = YES;
				INFOPLIST_FILE = mvvmNews/Info.plist;
				INFOPLIST_KEY_UIApplicationSupportsIndirectInputEvents = YES;
				INFOPLIST_KEY_UILaunchStoryboardName = LaunchScreen;
				INFOPLIST_KEY_UIMainStoryboardFile = Main;
				INFOPLIST_KEY_UIRequiresFullScreen = NO;
				INFOPLIST_KEY_UIStatusBarHidden = NO;
				INFOPLIST_KEY_UISupportedInterfaceOrientations_iPad = "UIInterfaceOrientationPortrait UIInterfaceOrientationPortraitUpsideDown UIInterfaceOrientationLandscapeLeft UIInterfaceOrientationLandscapeRight";
				INFOPLIST_KEY_UISupportedInterfaceOrientations_iPhone = "UIInterfaceOrientationPortrait UIInterfaceOrientationLandscapeLeft UIInterfaceOrientationLandscapeRight";
				LD_RUNPATH_SEARCH_PATHS = (
					"$(inherited)",
					"@executable_path/Frameworks",
				);
				MARKETING_VERSION = 1.0;
				PRODUCT_BUNDLE_IDENTIFIER = com.felipetavela.mvvmNews;
				PRODUCT_NAME = "$(TARGET_NAME)";
				SWIFT_EMIT_LOC_STRINGS = YES;
				SWIFT_VERSION = 5.0;
				TARGETED_DEVICE_FAMILY = "1,2";
			};
			name = Debug;
		};
		77D6FAB2288B2C1800EA8D6C /* Release */ = {
			isa = XCBuildConfiguration;
			buildSettings = {
				ASSETCATALOG_COMPILER_APPICON_NAME = AppIcon;
				ASSETCATALOG_COMPILER_GLOBAL_ACCENT_COLOR_NAME = AccentColor;
				CODE_SIGN_STYLE = Automatic;
				CURRENT_PROJECT_VERSION = 1;
				DEVELOPMENT_TEAM = PB7Q9HXT8D;
				GENERATE_INFOPLIST_FILE = YES;
				INFOPLIST_FILE = mvvmNews/Info.plist;
				INFOPLIST_KEY_UIApplicationSupportsIndirectInputEvents = YES;
				INFOPLIST_KEY_UILaunchStoryboardName = LaunchScreen;
				INFOPLIST_KEY_UIMainStoryboardFile = Main;
				INFOPLIST_KEY_UIRequiresFullScreen = NO;
				INFOPLIST_KEY_UIStatusBarHidden = NO;
				INFOPLIST_KEY_UISupportedInterfaceOrientations_iPad = "UIInterfaceOrientationPortrait UIInterfaceOrientationPortraitUpsideDown UIInterfaceOrientationLandscapeLeft UIInterfaceOrientationLandscapeRight";
				INFOPLIST_KEY_UISupportedInterfaceOrientations_iPhone = "UIInterfaceOrientationPortrait UIInterfaceOrientationLandscapeLeft UIInterfaceOrientationLandscapeRight";
				LD_RUNPATH_SEARCH_PATHS = (
					"$(inherited)",
					"@executable_path/Frameworks",
				);
				MARKETING_VERSION = 1.0;
				PRODUCT_BUNDLE_IDENTIFIER = com.felipetavela.mvvmNews;
				PRODUCT_NAME = "$(TARGET_NAME)";
				SWIFT_EMIT_LOC_STRINGS = YES;
				SWIFT_VERSION = 5.0;
				TARGETED_DEVICE_FAMILY = "1,2";
			};
			name = Release;
		};
/* End XCBuildConfiguration section */

/* Begin XCConfigurationList section */
		77D6FA97288B2C1400EA8D6C /* Build configuration list for PBXProject "mvvmNews" */ = {
			isa = XCConfigurationList;
			buildConfigurations = (
				77D6FAAE288B2C1800EA8D6C /* Debug */,
				77D6FAAF288B2C1800EA8D6C /* Release */,
			);
			defaultConfigurationIsVisible = 0;
			defaultConfigurationName = Release;
		};
		77D6FAB0288B2C1800EA8D6C /* Build configuration list for PBXNativeTarget "mvvmNews" */ = {
			isa = XCConfigurationList;
			buildConfigurations = (
				77D6FAB1288B2C1800EA8D6C /* Debug */,
				77D6FAB2288B2C1800EA8D6C /* Release */,
			);
			defaultConfigurationIsVisible = 0;
			defaultConfigurationName = Release;
		};
/* End XCConfigurationList section */

/* Begin XCRemoteSwiftPackageReference section */
		7783C0D9288B786F007525FB /* XCRemoteSwiftPackageReference "Alamofire" */ = {
			isa = XCRemoteSwiftPackageReference;
			repositoryURL = "https://github.com/Alamofire/Alamofire.git";
			requirement = {
				branch = master;
				kind = branch;
			};
		};
/* End XCRemoteSwiftPackageReference section */

/* Begin XCSwiftPackageProductDependency section */
		7783C0DA288B786F007525FB /* Alamofire */ = {
			isa = XCSwiftPackageProductDependency;
			package = 7783C0D9288B786F007525FB /* XCRemoteSwiftPackageReference "Alamofire" */;
			productName = Alamofire;
		};
/* End XCSwiftPackageProductDependency section */
	};
	rootObject = 77D6FA94288B2C1400EA8D6C /* Project object */;
}
